// !$*UTF8*$!
{
	archiveVersion = 1;
	classes = {
	};
	objectVersion = 55;
	objects = {

/* Begin PBXBuildFile section */
		44299DD327122E7600DC48A8 /* Tokenizer.swift in Sources */ = {isa = PBXBuildFile; fileRef = 44299DD127122E7600DC48A8 /* Tokenizer.swift */; };
		44299DD427122E7600DC48A8 /* Token.swift in Sources */ = {isa = PBXBuildFile; fileRef = 44299DD227122E7600DC48A8 /* Token.swift */; };
		44299DD727122EC700DC48A8 /* mecab in Frameworks */ = {isa = PBXBuildFile; productRef = 44299DD627122EC700DC48A8 /* mecab */; };
		44299DD927122EC700DC48A8 /* mecab in Embed Frameworks */ = {isa = PBXBuildFile; productRef = 44299DD627122EC700DC48A8 /* mecab */; settings = {ATTRIBUTES = (CodeSignOnCopy, ); }; };
		44299DE527122F0100DC48A8 /* rewrite.def in Resources */ = {isa = PBXBuildFile; fileRef = 44299DDC27122F0100DC48A8 /* rewrite.def */; };
		44299DE627122F0100DC48A8 /* left-id.def in Resources */ = {isa = PBXBuildFile; fileRef = 44299DDD27122F0100DC48A8 /* left-id.def */; };
		44299DE727122F0100DC48A8 /* pos-id.def in Resources */ = {isa = PBXBuildFile; fileRef = 44299DDE27122F0100DC48A8 /* pos-id.def */; };
		44299DE827122F0100DC48A8 /* matrix.bin in Resources */ = {isa = PBXBuildFile; fileRef = 44299DDF27122F0100DC48A8 /* matrix.bin */; };
		44299DE927122F0100DC48A8 /* unk.dic in Resources */ = {isa = PBXBuildFile; fileRef = 44299DE027122F0100DC48A8 /* unk.dic */; };
		44299DEA27122F0100DC48A8 /* sys.dic in Resources */ = {isa = PBXBuildFile; fileRef = 44299DE127122F0100DC48A8 /* sys.dic */; };
		44299DEB27122F0100DC48A8 /* dicrc in Resources */ = {isa = PBXBuildFile; fileRef = 44299DE227122F0100DC48A8 /* dicrc */; };
		44299DEC27122F0100DC48A8 /* right-id.def in Resources */ = {isa = PBXBuildFile; fileRef = 44299DE327122F0100DC48A8 /* right-id.def */; };
		44299DED27122F0100DC48A8 /* char.bin in Resources */ = {isa = PBXBuildFile; fileRef = 44299DE427122F0100DC48A8 /* char.bin */; };
		44299DEF27122F1100DC48A8 /* mecabrc in Resources */ = {isa = PBXBuildFile; fileRef = 44299DEE27122F1100DC48A8 /* mecabrc */; };
		44299DF3271232D800DC48A8 /* TokenizerViewController.swift in Sources */ = {isa = PBXBuildFile; fileRef = 44299DF2271232D800DC48A8 /* TokenizerViewController.swift */; };
		44C8A98A27122B4C00231A2B /* AppDelegate.swift in Sources */ = {isa = PBXBuildFile; fileRef = 44C8A98927122B4C00231A2B /* AppDelegate.swift */; };
		44C8A98C27122B4C00231A2B /* SceneDelegate.swift in Sources */ = {isa = PBXBuildFile; fileRef = 44C8A98B27122B4C00231A2B /* SceneDelegate.swift */; };
		44C8A99327122B4D00231A2B /* Assets.xcassets in Resources */ = {isa = PBXBuildFile; fileRef = 44C8A99227122B4D00231A2B /* Assets.xcassets */; };
		44C8A99627122B4D00231A2B /* LaunchScreen.storyboard in Resources */ = {isa = PBXBuildFile; fileRef = 44C8A99427122B4D00231A2B /* LaunchScreen.storyboard */; };
/* End PBXBuildFile section */

/* Begin PBXCopyFilesBuildPhase section */
		44299DD827122EC700DC48A8 /* Embed Frameworks */ = {
			isa = PBXCopyFilesBuildPhase;
			buildActionMask = 2147483647;
			dstPath = "";
			dstSubfolderSpec = 10;
			files = (
				44299DD927122EC700DC48A8 /* mecab in Embed Frameworks */,
			);
			name = "Embed Frameworks";
			runOnlyForDeploymentPostprocessing = 0;
		};
/* End PBXCopyFilesBuildPhase section */

/* Begin PBXFileReference section */
		44299DD127122E7600DC48A8 /* Tokenizer.swift */ = {isa = PBXFileReference; fileEncoding = 4; lastKnownFileType = sourcecode.swift; path = Tokenizer.swift; sourceTree = "<group>"; };
		44299DD227122E7600DC48A8 /* Token.swift */ = {isa = PBXFileReference; fileEncoding = 4; lastKnownFileType = sourcecode.swift; path = Token.swift; sourceTree = "<group>"; };
		44299DDC27122F0100DC48A8 /* rewrite.def */ = {isa = PBXFileReference; fileEncoding = 4; lastKnownFileType = text; path = rewrite.def; sourceTree = "<group>"; };
		44299DDD27122F0100DC48A8 /* left-id.def */ = {isa = PBXFileReference; fileEncoding = 4; lastKnownFileType = text; path = "left-id.def"; sourceTree = "<group>"; };
		44299DDE27122F0100DC48A8 /* pos-id.def */ = {isa = PBXFileReference; fileEncoding = 4; lastKnownFileType = text; path = "pos-id.def"; sourceTree = "<group>"; };
		44299DDF27122F0100DC48A8 /* matrix.bin */ = {isa = PBXFileReference; lastKnownFileType = archive.macbinary; path = matrix.bin; sourceTree = "<group>"; };
		44299DE027122F0100DC48A8 /* unk.dic */ = {isa = PBXFileReference; lastKnownFileType = file; path = unk.dic; sourceTree = "<group>"; };
		44299DE127122F0100DC48A8 /* sys.dic */ = {isa = PBXFileReference; lastKnownFileType = file; path = sys.dic; sourceTree = "<group>"; };
		44299DE227122F0100DC48A8 /* dicrc */ = {isa = PBXFileReference; fileEncoding = 4; lastKnownFileType = text; path = dicrc; sourceTree = "<group>"; };
		44299DE327122F0100DC48A8 /* right-id.def */ = {isa = PBXFileReference; fileEncoding = 4; lastKnownFileType = text; path = "right-id.def"; sourceTree = "<group>"; };
		44299DE427122F0100DC48A8 /* char.bin */ = {isa = PBXFileReference; lastKnownFileType = archive.macbinary; path = char.bin; sourceTree = "<group>"; };
		44299DEE27122F1100DC48A8 /* mecabrc */ = {isa = PBXFileReference; fileEncoding = 4; lastKnownFileType = text; path = mecabrc; sourceTree = "<group>"; };
		44299DF2271232D800DC48A8 /* TokenizerViewController.swift */ = {isa = PBXFileReference; lastKnownFileType = sourcecode.swift; path = TokenizerViewController.swift; sourceTree = "<group>"; };
		44C8A98627122B4C00231A2B /* MecabDemo.app */ = {isa = PBXFileReference; explicitFileType = wrapper.application; includeInIndex = 0; path = MecabDemo.app; sourceTree = BUILT_PRODUCTS_DIR; };
		44C8A98927122B4C00231A2B /* AppDelegate.swift */ = {isa = PBXFileReference; lastKnownFileType = sourcecode.swift; path = AppDelegate.swift; sourceTree = "<group>"; };
		44C8A98B27122B4C00231A2B /* SceneDelegate.swift */ = {isa = PBXFileReference; lastKnownFileType = sourcecode.swift; path = SceneDelegate.swift; sourceTree = "<group>"; };
		44C8A99227122B4D00231A2B /* Assets.xcassets */ = {isa = PBXFileReference; lastKnownFileType = folder.assetcatalog; path = Assets.xcassets; sourceTree = "<group>"; };
		44C8A99527122B4D00231A2B /* Base */ = {isa = PBXFileReference; lastKnownFileType = file.storyboard; name = Base; path = Base.lproj/LaunchScreen.storyboard; sourceTree = "<group>"; };
		44C8A99727122B4D00231A2B /* Info.plist */ = {isa = PBXFileReference; lastKnownFileType = text.plist.xml; path = Info.plist; sourceTree = "<group>"; };
/* End PBXFileReference section */

/* Begin PBXFrameworksBuildPhase section */
		44C8A98327122B4C00231A2B /* Frameworks */ = {
			isa = PBXFrameworksBuildPhase;
			buildActionMask = 2147483647;
			files = (
				44299DD727122EC700DC48A8 /* mecab in Frameworks */,
			);
			runOnlyForDeploymentPostprocessing = 0;
		};
/* End PBXFrameworksBuildPhase section */

/* Begin PBXGroup section */
		44299DDB27122F0100DC48A8 /* ipadic */ = {
			isa = PBXGroup;
			children = (
				44299DDC27122F0100DC48A8 /* rewrite.def */,
				44299DDD27122F0100DC48A8 /* left-id.def */,
				44299DDE27122F0100DC48A8 /* pos-id.def */,
				44299DDF27122F0100DC48A8 /* matrix.bin */,
				44299DE027122F0100DC48A8 /* unk.dic */,
				44299DE127122F0100DC48A8 /* sys.dic */,
				44299DE227122F0100DC48A8 /* dicrc */,
				44299DE327122F0100DC48A8 /* right-id.def */,
				44299DE427122F0100DC48A8 /* char.bin */,
			);
			path = ipadic;
			sourceTree = "<group>";
		};
		44299DF027122F2000DC48A8 /* Resources */ = {
			isa = PBXGroup;
			children = (
				44299DDB27122F0100DC48A8 /* ipadic */,
				44299DEE27122F1100DC48A8 /* mecabrc */,
				44C8A99227122B4D00231A2B /* Assets.xcassets */,
				44C8A99727122B4D00231A2B /* Info.plist */,
				44C8A99427122B4D00231A2B /* LaunchScreen.storyboard */,
			);
			path = Resources;
			sourceTree = "<group>";
		};
		44299DF127122F3E00DC48A8 /* Tokenizer */ = {
			isa = PBXGroup;
			children = (
				44299DD227122E7600DC48A8 /* Token.swift */,
				44299DD127122E7600DC48A8 /* Tokenizer.swift */,
			);
			path = Tokenizer;
			sourceTree = "<group>";
		};
		44C8A97D27122B4C00231A2B = {
			isa = PBXGroup;
			children = (
				44C8A98827122B4C00231A2B /* MecabDemo */,
				44C8A98727122B4C00231A2B /* Products */,
			);
			sourceTree = "<group>";
		};
		44C8A98727122B4C00231A2B /* Products */ = {
			isa = PBXGroup;
			children = (
				44C8A98627122B4C00231A2B /* MecabDemo.app */,
			);
			name = Products;
			sourceTree = "<group>";
		};
		44C8A98827122B4C00231A2B /* MecabDemo */ = {
			isa = PBXGroup;
			children = (
				44C8A98927122B4C00231A2B /* AppDelegate.swift */,
				44C8A98B27122B4C00231A2B /* SceneDelegate.swift */,
				44299DF2271232D800DC48A8 /* TokenizerViewController.swift */,
				44299DF127122F3E00DC48A8 /* Tokenizer */,
				44299DF027122F2000DC48A8 /* Resources */,
			);
			path = MecabDemo;
			sourceTree = "<group>";
		};
/* End PBXGroup section */

/* Begin PBXNativeTarget section */
		44C8A98527122B4C00231A2B /* MecabDemo */ = {
			isa = PBXNativeTarget;
			buildConfigurationList = 44C8A99A27122B4D00231A2B /* Build configuration list for PBXNativeTarget "MecabDemo" */;
			buildPhases = (
				44C8A98227122B4C00231A2B /* Sources */,
				44C8A98327122B4C00231A2B /* Frameworks */,
				44C8A98427122B4C00231A2B /* Resources */,
				44299DD827122EC700DC48A8 /* Embed Frameworks */,
			);
			buildRules = (
			);
			dependencies = (
			);
			name = MecabDemo;
			packageProductDependencies = (
				44299DD627122EC700DC48A8 /* mecab */,
			);
			productName = MecabDemo;
			productReference = 44C8A98627122B4C00231A2B /* MecabDemo.app */;
			productType = "com.apple.product-type.application";
		};
/* End PBXNativeTarget section */

/* Begin PBXProject section */
		44C8A97E27122B4C00231A2B /* Project object */ = {
			isa = PBXProject;
			attributes = {
				BuildIndependentTargetsInParallel = 1;
				LastSwiftUpdateCheck = 1300;
				LastUpgradeCheck = 1300;
				TargetAttributes = {
					44C8A98527122B4C00231A2B = {
						CreatedOnToolsVersion = 13.0;
					};
				};
			};
			buildConfigurationList = 44C8A98127122B4C00231A2B /* Build configuration list for PBXProject "MecabDemo" */;
			compatibilityVersion = "Xcode 13.0";
			developmentRegion = en;
			hasScannedForEncodings = 0;
			knownRegions = (
				en,
				Base,
			);
			mainGroup = 44C8A97D27122B4C00231A2B;
			packageReferences = (
				44299DD027122CA300DC48A8 /* XCRemoteSwiftPackageReference "mecab" */,
			);
			productRefGroup = 44C8A98727122B4C00231A2B /* Products */;
			projectDirPath = "";
			projectRoot = "";
			targets = (
				44C8A98527122B4C00231A2B /* MecabDemo */,
			);
		};
/* End PBXProject section */

/* Begin PBXResourcesBuildPhase section */
		44C8A98427122B4C00231A2B /* Resources */ = {
			isa = PBXResourcesBuildPhase;
			buildActionMask = 2147483647;
			files = (
				44299DE627122F0100DC48A8 /* left-id.def in Resources */,
				44299DED27122F0100DC48A8 /* char.bin in Resources */,
				44299DE727122F0100DC48A8 /* pos-id.def in Resources */,
				44299DEC27122F0100DC48A8 /* right-id.def in Resources */,
				44C8A99627122B4D00231A2B /* LaunchScreen.storyboard in Resources */,
				44299DEA27122F0100DC48A8 /* sys.dic in Resources */,
				44299DEB27122F0100DC48A8 /* dicrc in Resources */,
				44299DE927122F0100DC48A8 /* unk.dic in Resources */,
				44C8A99327122B4D00231A2B /* Assets.xcassets in Resources */,
				44299DE527122F0100DC48A8 /* rewrite.def in Resources */,
				44299DEF27122F1100DC48A8 /* mecabrc in Resources */,
				44299DE827122F0100DC48A8 /* matrix.bin in Resources */,
			);
			runOnlyForDeploymentPostprocessing = 0;
		};
/* End PBXResourcesBuildPhase section */

/* Begin PBXSourcesBuildPhase section */
		44C8A98227122B4C00231A2B /* Sources */ = {
			isa = PBXSourcesBuildPhase;
			buildActionMask = 2147483647;
			files = (
				44299DD427122E7600DC48A8 /* Token.swift in Sources */,
				44299DD327122E7600DC48A8 /* Tokenizer.swift in Sources */,
				44299DF3271232D800DC48A8 /* TokenizerViewController.swift in Sources */,
				44C8A98A27122B4C00231A2B /* AppDelegate.swift in Sources */,
				44C8A98C27122B4C00231A2B /* SceneDelegate.swift in Sources */,
			);
			runOnlyForDeploymentPostprocessing = 0;
		};
/* End PBXSourcesBuildPhase section */

/* Begin PBXVariantGroup section */
		44C8A99427122B4D00231A2B /* LaunchScreen.storyboard */ = {
			isa = PBXVariantGroup;
			children = (
				44C8A99527122B4D00231A2B /* Base */,
			);
			name = LaunchScreen.storyboard;
			sourceTree = "<group>";
		};
/* End PBXVariantGroup section */

/* Begin XCBuildConfiguration section */
		44C8A99827122B4D00231A2B /* Debug */ = {
			isa = XCBuildConfiguration;
			buildSettings = {
				ALWAYS_SEARCH_USER_PATHS = NO;
				CLANG_ANALYZER_NONNULL = YES;
				CLANG_ANALYZER_NUMBER_OBJECT_CONVERSION = YES_AGGRESSIVE;
				CLANG_CXX_LANGUAGE_STANDARD = "gnu++17";
				CLANG_CXX_LIBRARY = "libc++";
				CLANG_ENABLE_MODULES = YES;
				CLANG_ENABLE_OBJC_ARC = YES;
				CLANG_ENABLE_OBJC_WEAK = YES;
				CLANG_WARN_BLOCK_CAPTURE_AUTORELEASING = YES;
				CLANG_WARN_BOOL_CONVERSION = YES;
				CLANG_WARN_COMMA = YES;
				CLANG_WARN_CONSTANT_CONVERSION = YES;
				CLANG_WARN_DEPRECATED_OBJC_IMPLEMENTATIONS = YES;
				CLANG_WARN_DIRECT_OBJC_ISA_USAGE = YES_ERROR;
				CLANG_WARN_DOCUMENTATION_COMMENTS = YES;
				CLANG_WARN_EMPTY_BODY = YES;
				CLANG_WARN_ENUM_CONVERSION = YES;
				CLANG_WARN_INFINITE_RECURSION = YES;
				CLANG_WARN_INT_CONVERSION = YES;
				CLANG_WARN_NON_LITERAL_NULL_CONVERSION = YES;
				CLANG_WARN_OBJC_IMPLICIT_RETAIN_SELF = YES;
				CLANG_WARN_OBJC_LITERAL_CONVERSION = YES;
				CLANG_WARN_OBJC_ROOT_CLASS = YES_ERROR;
				CLANG_WARN_QUOTED_INCLUDE_IN_FRAMEWORK_HEADER = YES;
				CLANG_WARN_RANGE_LOOP_ANALYSIS = YES;
				CLANG_WARN_STRICT_PROTOTYPES = YES;
				CLANG_WARN_SUSPICIOUS_MOVE = YES;
				CLANG_WARN_UNGUARDED_AVAILABILITY = YES_AGGRESSIVE;
				CLANG_WARN_UNREACHABLE_CODE = YES;
				CLANG_WARN__DUPLICATE_METHOD_MATCH = YES;
				COPY_PHASE_STRIP = NO;
				DEBUG_INFORMATION_FORMAT = dwarf;
				ENABLE_STRICT_OBJC_MSGSEND = YES;
				ENABLE_TESTABILITY = YES;
				GCC_C_LANGUAGE_STANDARD = gnu11;
				GCC_DYNAMIC_NO_PIC = NO;
				GCC_NO_COMMON_BLOCKS = YES;
				GCC_OPTIMIZATION_LEVEL = 0;
				GCC_PREPROCESSOR_DEFINITIONS = (
					"DEBUG=1",
					"$(inherited)",
				);
				GCC_WARN_64_TO_32_BIT_CONVERSION = YES;
				GCC_WARN_ABOUT_RETURN_TYPE = YES_ERROR;
				GCC_WARN_UNDECLARED_SELECTOR = YES;
				GCC_WARN_UNINITIALIZED_AUTOS = YES_AGGRESSIVE;
				GCC_WARN_UNUSED_FUNCTION = YES;
				GCC_WARN_UNUSED_VARIABLE = YES;
				IPHONEOS_DEPLOYMENT_TARGET = 15.0;
				MTL_ENABLE_DEBUG_INFO = INCLUDE_SOURCE;
				MTL_FAST_MATH = YES;
				ONLY_ACTIVE_ARCH = YES;
				SDKROOT = iphoneos;
				SWIFT_ACTIVE_COMPILATION_CONDITIONS = DEBUG;
				SWIFT_OPTIMIZATION_LEVEL = "-Onone";
			};
			name = Debug;
		};
		44C8A99927122B4D00231A2B /* Release */ = {
			isa = XCBuildConfiguration;
			buildSettings = {
				ALWAYS_SEARCH_USER_PATHS = NO;
				CLANG_ANALYZER_NONNULL = YES;
				CLANG_ANALYZER_NUMBER_OBJECT_CONVERSION = YES_AGGRESSIVE;
				CLANG_CXX_LANGUAGE_STANDARD = "gnu++17";
				CLANG_CXX_LIBRARY = "libc++";
				CLANG_ENABLE_MODULES = YES;
				CLANG_ENABLE_OBJC_ARC = YES;
				CLANG_ENABLE_OBJC_WEAK = YES;
				CLANG_WARN_BLOCK_CAPTURE_AUTORELEASING = YES;
				CLANG_WARN_BOOL_CONVERSION = YES;
				CLANG_WARN_COMMA = YES;
				CLANG_WARN_CONSTANT_CONVERSION = YES;
				CLANG_WARN_DEPRECATED_OBJC_IMPLEMENTATIONS = YES;
				CLANG_WARN_DIRECT_OBJC_ISA_USAGE = YES_ERROR;
				CLANG_WARN_DOCUMENTATION_COMMENTS = YES;
				CLANG_WARN_EMPTY_BODY = YES;
				CLANG_WARN_ENUM_CONVERSION = YES;
				CLANG_WARN_INFINITE_RECURSION = YES;
				CLANG_WARN_INT_CONVERSION = YES;
				CLANG_WARN_NON_LITERAL_NULL_CONVERSION = YES;
				CLANG_WARN_OBJC_IMPLICIT_RETAIN_SELF = YES;
				CLANG_WARN_OBJC_LITERAL_CONVERSION = YES;
				CLANG_WARN_OBJC_ROOT_CLASS = YES_ERROR;
				CLANG_WARN_QUOTED_INCLUDE_IN_FRAMEWORK_HEADER = YES;
				CLANG_WARN_RANGE_LOOP_ANALYSIS = YES;
				CLANG_WARN_STRICT_PROTOTYPES = YES;
				CLANG_WARN_SUSPICIOUS_MOVE = YES;
				CLANG_WARN_UNGUARDED_AVAILABILITY = YES_AGGRESSIVE;
				CLANG_WARN_UNREACHABLE_CODE = YES;
				CLANG_WARN__DUPLICATE_METHOD_MATCH = YES;
				COPY_PHASE_STRIP = NO;
				DEBUG_INFORMATION_FORMAT = "dwarf-with-dsym";
				ENABLE_NS_ASSERTIONS = NO;
				ENABLE_STRICT_OBJC_MSGSEND = YES;
				GCC_C_LANGUAGE_STANDARD = gnu11;
				GCC_NO_COMMON_BLOCKS = YES;
				GCC_WARN_64_TO_32_BIT_CONVERSION = YES;
				GCC_WARN_ABOUT_RETURN_TYPE = YES_ERROR;
				GCC_WARN_UNDECLARED_SELECTOR = YES;
				GCC_WARN_UNINITIALIZED_AUTOS = YES_AGGRESSIVE;
				GCC_WARN_UNUSED_FUNCTION = YES;
				GCC_WARN_UNUSED_VARIABLE = YES;
				IPHONEOS_DEPLOYMENT_TARGET = 15.0;
				MTL_ENABLE_DEBUG_INFO = NO;
				MTL_FAST_MATH = YES;
				SDKROOT = iphoneos;
				SWIFT_COMPILATION_MODE = wholemodule;
				SWIFT_OPTIMIZATION_LEVEL = "-O";
				VALIDATE_PRODUCT = YES;
			};
			name = Release;
		};
		44C8A99B27122B4D00231A2B /* Debug */ = {
			isa = XCBuildConfiguration;
			buildSettings = {
				ASSETCATALOG_COMPILER_APPICON_NAME = AppIcon;
				ASSETCATALOG_COMPILER_GLOBAL_ACCENT_COLOR_NAME = AccentColor;
				CODE_SIGN_STYLE = Automatic;
				CURRENT_PROJECT_VERSION = 1;
				DEVELOPMENT_TEAM = WNHYA375TJ;
				GENERATE_INFOPLIST_FILE = YES;
				INFOPLIST_FILE = MecabDemo/Resources/Info.plist;
				INFOPLIST_KEY_UIApplicationSupportsIndirectInputEvents = YES;
				INFOPLIST_KEY_UILaunchStoryboardName = LaunchScreen;
				INFOPLIST_KEY_UISupportedInterfaceOrientations_iPad = "UIInterfaceOrientationPortrait UIInterfaceOrientationPortraitUpsideDown UIInterfaceOrientationLandscapeLeft UIInterfaceOrientationLandscapeRight";
				INFOPLIST_KEY_UISupportedInterfaceOrientations_iPhone = "UIInterfaceOrientationPortrait UIInterfaceOrientationLandscapeLeft UIInterfaceOrientationLandscapeRight";
				IPHONEOS_DEPLOYMENT_TARGET = 15.0;
				LD_RUNPATH_SEARCH_PATHS = (
					"$(inherited)",
					"@executable_path/Frameworks",
				);
				MARKETING_VERSION = 1.0;
				PRODUCT_BUNDLE_IDENTIFIER = com.landonepps.MecabDemo;
				PRODUCT_NAME = "$(TARGET_NAME)";
				SWIFT_EMIT_LOC_STRINGS = YES;
				SWIFT_VERSION = 5.0;
				TARGETED_DEVICE_FAMILY = "1,2";
			};
			name = Debug;
		};
		44C8A99C27122B4D00231A2B /* Release */ = {
			isa = XCBuildConfiguration;
			buildSettings = {
				ASSETCATALOG_COMPILER_APPICON_NAME = AppIcon;
				ASSETCATALOG_COMPILER_GLOBAL_ACCENT_COLOR_NAME = AccentColor;
				CODE_SIGN_STYLE = Automatic;
				CURRENT_PROJECT_VERSION = 1;
				DEVELOPMENT_TEAM = WNHYA375TJ;
				GENERATE_INFOPLIST_FILE = YES;
				INFOPLIST_FILE = MecabDemo/Resources/Info.plist;
				INFOPLIST_KEY_UIApplicationSupportsIndirectInputEvents = YES;
				INFOPLIST_KEY_UILaunchStoryboardName = LaunchScreen;
				INFOPLIST_KEY_UISupportedInterfaceOrientations_iPad = "UIInterfaceOrientationPortrait UIInterfaceOrientationPortraitUpsideDown UIInterfaceOrientationLandscapeLeft UIInterfaceOrientationLandscapeRight";
				INFOPLIST_KEY_UISupportedInterfaceOrientations_iPhone = "UIInterfaceOrientationPortrait UIInterfaceOrientationLandscapeLeft UIInterfaceOrientationLandscapeRight";
				IPHONEOS_DEPLOYMENT_TARGET = 15.0;
				LD_RUNPATH_SEARCH_PATHS = (
					"$(inherited)",
					"@executable_path/Frameworks",
				);
				MARKETING_VERSION = 1.0;
				PRODUCT_BUNDLE_IDENTIFIER = com.landonepps.MecabDemo;
				PRODUCT_NAME = "$(TARGET_NAME)";
				SWIFT_EMIT_LOC_STRINGS = YES;
				SWIFT_VERSION = 5.0;
				TARGETED_DEVICE_FAMILY = "1,2";
			};
			name = Release;
		};
/* End XCBuildConfiguration section */

/* Begin XCConfigurationList section */
		44C8A98127122B4C00231A2B /* Build configuration list for PBXProject "MecabDemo" */ = {
			isa = XCConfigurationList;
			buildConfigurations = (
				44C8A99827122B4D00231A2B /* Debug */,
				44C8A99927122B4D00231A2B /* Release */,
			);
			defaultConfigurationIsVisible = 0;
			defaultConfigurationName = Release;
		};
		44C8A99A27122B4D00231A2B /* Build configuration list for PBXNativeTarget "MecabDemo" */ = {
			isa = XCConfigurationList;
			buildConfigurations = (
				44C8A99B27122B4D00231A2B /* Debug */,
				44C8A99C27122B4D00231A2B /* Release */,
			);
			defaultConfigurationIsVisible = 0;
			defaultConfigurationName = Release;
		};
/* End XCConfigurationList section */

/* Begin XCRemoteSwiftPackageReference section */
		44299DD027122CA300DC48A8 /* XCRemoteSwiftPackageReference "mecab" */ = {
			isa = XCRemoteSwiftPackageReference;
			repositoryURL = "https://github.com/landonepps/mecab";
			requirement = {
				kind = upToNextMajorVersion;
				minimumVersion = 1.0.0;
			};
		};
/* End XCRemoteSwiftPackageReference section */

/* Begin XCSwiftPackageProductDependency section */
		44299DD627122EC700DC48A8 /* mecab */ = {
			isa = XCSwiftPackageProductDependency;
			package = 44299DD027122CA300DC48A8 /* XCRemoteSwiftPackageReference "mecab" */;
			productName = mecab;
		};
/* End XCSwiftPackageProductDependency section */
	};
	rootObject = 44C8A97E27122B4C00231A2B /* Project object */;
}
